// !$*UTF8*$!
{
	archiveVersion = 1;
	classes = {
	};
	objectVersion = 50;
	objects = {

/* Begin PBXBuildFile section */
		42569A9A25AD43EA001F0544 /* CameraViewController.swift in Sources */ = {isa = PBXBuildFile; fileRef = 42569A9925AD43EA001F0544 /* CameraViewController.swift */; };
		42569A9E25AD45E7001F0544 /* PreviewView.swift in Sources */ = {isa = PBXBuildFile; fileRef = 42569A9C25AD45E7001F0544 /* PreviewView.swift */; };
		42569A9F25AD45E7001F0544 /* PhotoCaptureDelegate.swift in Sources */ = {isa = PBXBuildFile; fileRef = 42569A9D25AD45E7001F0544 /* PhotoCaptureDelegate.swift */; };
		428CEEC025AADC1E0045CAAE /* AppDelegate.swift in Sources */ = {isa = PBXBuildFile; fileRef = 428CEEBF25AADC1E0045CAAE /* AppDelegate.swift */; };
		428CEEC225AADC1E0045CAAE /* SceneDelegate.swift in Sources */ = {isa = PBXBuildFile; fileRef = 428CEEC125AADC1E0045CAAE /* SceneDelegate.swift */; };
		428CEEC425AADC1E0045CAAE /* ViewController.swift in Sources */ = {isa = PBXBuildFile; fileRef = 428CEEC325AADC1E0045CAAE /* ViewController.swift */; };
		428CEEC725AADC1E0045CAAE /* Main.storyboard in Resources */ = {isa = PBXBuildFile; fileRef = 428CEEC525AADC1E0045CAAE /* Main.storyboard */; };
		428CEEC925AADC1F0045CAAE /* Assets.xcassets in Resources */ = {isa = PBXBuildFile; fileRef = 428CEEC825AADC1F0045CAAE /* Assets.xcassets */; };
		428CEECC25AADC1F0045CAAE /* LaunchScreen.storyboard in Resources */ = {isa = PBXBuildFile; fileRef = 428CEECA25AADC1F0045CAAE /* LaunchScreen.storyboard */; };
/* End PBXBuildFile section */

/* Begin PBXFileReference section */
		42569A9925AD43EA001F0544 /* CameraViewController.swift */ = {isa = PBXFileReference; lastKnownFileType = sourcecode.swift; path = CameraViewController.swift; sourceTree = "<group>"; };
		42569A9C25AD45E7001F0544 /* PreviewView.swift */ = {isa = PBXFileReference; fileEncoding = 4; lastKnownFileType = sourcecode.swift; path = PreviewView.swift; sourceTree = "<group>"; };
		42569A9D25AD45E7001F0544 /* PhotoCaptureDelegate.swift */ = {isa = PBXFileReference; fileEncoding = 4; lastKnownFileType = sourcecode.swift; path = PhotoCaptureDelegate.swift; sourceTree = "<group>"; };
		428CEEBC25AADC1E0045CAAE /* AVCamera.app */ = {isa = PBXFileReference; explicitFileType = wrapper.application; includeInIndex = 0; path = AVCamera.app; sourceTree = BUILT_PRODUCTS_DIR; };
		428CEEBF25AADC1E0045CAAE /* AppDelegate.swift */ = {isa = PBXFileReference; lastKnownFileType = sourcecode.swift; path = AppDelegate.swift; sourceTree = "<group>"; };
		428CEEC125AADC1E0045CAAE /* SceneDelegate.swift */ = {isa = PBXFileReference; lastKnownFileType = sourcecode.swift; path = SceneDelegate.swift; sourceTree = "<group>"; };
		428CEEC325AADC1E0045CAAE /* ViewController.swift */ = {isa = PBXFileReference; lastKnownFileType = sourcecode.swift; path = ViewController.swift; sourceTree = "<group>"; };
		428CEEC625AADC1E0045CAAE /* Base */ = {isa = PBXFileReference; lastKnownFileType = file.storyboard; name = Base; path = Base.lproj/Main.storyboard; sourceTree = "<group>"; };
		428CEEC825AADC1F0045CAAE /* Assets.xcassets */ = {isa = PBXFileReference; lastKnownFileType = folder.assetcatalog; path = Assets.xcassets; sourceTree = "<group>"; };
		428CEECB25AADC1F0045CAAE /* Base */ = {isa = PBXFileReference; lastKnownFileType = file.storyboard; name = Base; path = Base.lproj/LaunchScreen.storyboard; sourceTree = "<group>"; };
		428CEECD25AADC1F0045CAAE /* Info.plist */ = {isa = PBXFileReference; lastKnownFileType = text.plist.xml; path = Info.plist; sourceTree = "<group>"; };
/* End PBXFileReference section */

/* Begin PBXFrameworksBuildPhase section */
		428CEEB925AADC1E0045CAAE /* Frameworks */ = {
			isa = PBXFrameworksBuildPhase;
			buildActionMask = 2147483647;
			files = (
			);
			runOnlyForDeploymentPostprocessing = 0;
		};
/* End PBXFrameworksBuildPhase section */

/* Begin PBXGroup section */
		428CEEB325AADC1E0045CAAE = {
			isa = PBXGroup;
			children = (
				428CEEBE25AADC1E0045CAAE /* AVCamera */,
				428CEEBD25AADC1E0045CAAE /* Products */,
			);
			sourceTree = "<group>";
		};
		428CEEBD25AADC1E0045CAAE /* Products */ = {
			isa = PBXGroup;
			children = (
				428CEEBC25AADC1E0045CAAE /* AVCamera.app */,
			);
			name = Products;
			sourceTree = "<group>";
		};
		428CEEBE25AADC1E0045CAAE /* AVCamera */ = {
			isa = PBXGroup;
			children = (
				42569A9D25AD45E7001F0544 /* PhotoCaptureDelegate.swift */,
				42569A9C25AD45E7001F0544 /* PreviewView.swift */,
				428CEEBF25AADC1E0045CAAE /* AppDelegate.swift */,
				428CEEC125AADC1E0045CAAE /* SceneDelegate.swift */,
				428CEEC325AADC1E0045CAAE /* ViewController.swift */,
				428CEEC525AADC1E0045CAAE /* Main.storyboard */,
				428CEEC825AADC1F0045CAAE /* Assets.xcassets */,
				428CEECA25AADC1F0045CAAE /* LaunchScreen.storyboard */,
				428CEECD25AADC1F0045CAAE /* Info.plist */,
				42569A9925AD43EA001F0544 /* CameraViewController.swift */,
			);
			path = AVCamera;
			sourceTree = "<group>";
		};
/* End PBXGroup section */

/* Begin PBXNativeTarget section */
		428CEEBB25AADC1E0045CAAE /* AVCamera */ = {
			isa = PBXNativeTarget;
			buildConfigurationList = 428CEED025AADC1F0045CAAE /* Build configuration list for PBXNativeTarget "AVCamera" */;
			buildPhases = (
				428CEEB825AADC1E0045CAAE /* Sources */,
				428CEEB925AADC1E0045CAAE /* Frameworks */,
				428CEEBA25AADC1E0045CAAE /* Resources */,
			);
			buildRules = (
			);
			dependencies = (
			);
			name = AVCamera;
			productName = AVCamera;
			productReference = 428CEEBC25AADC1E0045CAAE /* AVCamera.app */;
			productType = "com.apple.product-type.application";
		};
/* End PBXNativeTarget section */

/* Begin PBXProject section */
		428CEEB425AADC1E0045CAAE /* Project object */ = {
			isa = PBXProject;
			attributes = {
				LastSwiftUpdateCheck = 1230;
				LastUpgradeCheck = 1230;
				TargetAttributes = {
					428CEEBB25AADC1E0045CAAE = {
						CreatedOnToolsVersion = 12.3;
					};
				};
			};
			buildConfigurationList = 428CEEB725AADC1E0045CAAE /* Build configuration list for PBXProject "AVCamera" */;
			compatibilityVersion = "Xcode 9.3";
			developmentRegion = en;
			hasScannedForEncodings = 0;
			knownRegions = (
				en,
				Base,
			);
			mainGroup = 428CEEB325AADC1E0045CAAE;
			productRefGroup = 428CEEBD25AADC1E0045CAAE /* Products */;
			projectDirPath = "";
			projectRoot = "";
			targets = (
				428CEEBB25AADC1E0045CAAE /* AVCamera */,
			);
		};
/* End PBXProject section */

/* Begin PBXResourcesBuildPhase section */
		428CEEBA25AADC1E0045CAAE /* Resources */ = {
			isa = PBXResourcesBuildPhase;
			buildActionMask = 2147483647;
			files = (
				428CEECC25AADC1F0045CAAE /* LaunchScreen.storyboard in Resources */,
				428CEEC925AADC1F0045CAAE /* Assets.xcassets in Resources */,
				428CEEC725AADC1E0045CAAE /* Main.storyboard in Resources */,
			);
			runOnlyForDeploymentPostprocessing = 0;
		};
/* End PBXResourcesBuildPhase section */

/* Begin PBXSourcesBuildPhase section */
		428CEEB825AADC1E0045CAAE /* Sources */ = {
			isa = PBXSourcesBuildPhase;
			buildActionMask = 2147483647;
			files = (
				42569A9F25AD45E7001F0544 /* PhotoCaptureDelegate.swift in Sources */,
				42569A9E25AD45E7001F0544 /* PreviewView.swift in Sources */,
				428CEEC425AADC1E0045CAAE /* ViewController.swift in Sources */,
				42569A9A25AD43EA001F0544 /* CameraViewController.swift in Sources */,
				428CEEC025AADC1E0045CAAE /* AppDelegate.swift in Sources */,
				428CEEC225AADC1E0045CAAE /* SceneDelegate.swift in Sources */,
			);
			runOnlyForDeploymentPostprocessing = 0;
		};
/* End PBXSourcesBuildPhase section */

/* Begin PBXVariantGroup section */
		428CEEC525AADC1E0045CAAE /* Main.storyboard */ = {
			isa = PBXVariantGroup;
			children = (
				428CEEC625AADC1E0045CAAE /* Base */,
			);
			name = Main.storyboard;
			sourceTree = "<group>";
		};
		428CEECA25AADC1F0045CAAE /* LaunchScreen.storyboard */ = {
			isa = PBXVariantGroup;
			children = (
				428CEECB25AADC1F0045CAAE /* Base */,
			);
			name = LaunchScreen.storyboard;
			sourceTree = "<group>";
		};
/* End PBXVariantGroup section */

/* Begin XCBuildConfiguration section */
		428CEECE25AADC1F0045CAAE /* Debug */ = {
			isa = XCBuildConfiguration;
			buildSettings = {
				ALWAYS_SEARCH_USER_PATHS = NO;
				CLANG_ANALYZER_NONNULL = YES;
				CLANG_ANALYZER_NUMBER_OBJECT_CONVERSION = YES_AGGRESSIVE;
				CLANG_CXX_LANGUAGE_STANDARD = "gnu++14";
				CLANG_CXX_LIBRARY = "libc++";
				CLANG_ENABLE_MODULES = YES;
				CLANG_ENABLE_OBJC_ARC = YES;
				CLANG_ENABLE_OBJC_WEAK = YES;
				CLANG_WARN_BLOCK_CAPTURE_AUTORELEASING = YES;
				CLANG_WARN_BOOL_CONVERSION = YES;
				CLANG_WARN_COMMA = YES;
				CLANG_WARN_CONSTANT_CONVERSION = YES;
				CLANG_WARN_DEPRECATED_OBJC_IMPLEMENTATIONS = YES;
				CLANG_WARN_DIRECT_OBJC_ISA_USAGE = YES_ERROR;
				CLANG_WARN_DOCUMENTATION_COMMENTS = YES;
				CLANG_WARN_EMPTY_BODY = YES;
				CLANG_WARN_ENUM_CONVERSION = YES;
				CLANG_WARN_INFINITE_RECURSION = YES;
				CLANG_WARN_INT_CONVERSION = YES;
				CLANG_WARN_NON_LITERAL_NULL_CONVERSION = YES;
				CLANG_WARN_OBJC_IMPLICIT_RETAIN_SELF = YES;
				CLANG_WARN_OBJC_LITERAL_CONVERSION = YES;
				CLANG_WARN_OBJC_ROOT_CLASS = YES_ERROR;
				CLANG_WARN_QUOTED_INCLUDE_IN_FRAMEWORK_HEADER = YES;
				CLANG_WARN_RANGE_LOOP_ANALYSIS = YES;
				CLANG_WARN_STRICT_PROTOTYPES = YES;
				CLANG_WARN_SUSPICIOUS_MOVE = YES;
				CLANG_WARN_UNGUARDED_AVAILABILITY = YES_AGGRESSIVE;
				CLANG_WARN_UNREACHABLE_CODE = YES;
				CLANG_WARN__DUPLICATE_METHOD_MATCH = YES;
				COPY_PHASE_STRIP = NO;
				DEBUG_INFORMATION_FORMAT = dwarf;
				ENABLE_STRICT_OBJC_MSGSEND = YES;
				ENABLE_TESTABILITY = YES;
				GCC_C_LANGUAGE_STANDARD = gnu11;
				GCC_DYNAMIC_NO_PIC = NO;
				GCC_NO_COMMON_BLOCKS = YES;
				GCC_OPTIMIZATION_LEVEL = 0;
				GCC_PREPROCESSOR_DEFINITIONS = (
					"DEBUG=1",
					"$(inherited)",
				);
				GCC_WARN_64_TO_32_BIT_CONVERSION = YES;
				GCC_WARN_ABOUT_RETURN_TYPE = YES_ERROR;
				GCC_WARN_UNDECLARED_SELECTOR = YES;
				GCC_WARN_UNINITIALIZED_AUTOS = YES_AGGRESSIVE;
				GCC_WARN_UNUSED_FUNCTION = YES;
				GCC_WARN_UNUSED_VARIABLE = YES;
				IPHONEOS_DEPLOYMENT_TARGET = 14.3;
				MTL_ENABLE_DEBUG_INFO = INCLUDE_SOURCE;
				MTL_FAST_MATH = YES;
				ONLY_ACTIVE_ARCH = YES;
				SDKROOT = iphoneos;
				SWIFT_ACTIVE_COMPILATION_CONDITIONS = DEBUG;
				SWIFT_OPTIMIZATION_LEVEL = "-Onone";
			};
			name = Debug;
		};
		428CEECF25AADC1F0045CAAE /* Release */ = {
			isa = XCBuildConfiguration;
			buildSettings = {
				ALWAYS_SEARCH_USER_PATHS = NO;
				CLANG_ANALYZER_NONNULL = YES;
				CLANG_ANALYZER_NUMBER_OBJECT_CONVERSION = YES_AGGRESSIVE;
				CLANG_CXX_LANGUAGE_STANDARD = "gnu++14";
				CLANG_CXX_LIBRARY = "libc++";
				CLANG_ENABLE_MODULES = YES;
				CLANG_ENABLE_OBJC_ARC = YES;
				CLANG_ENABLE_OBJC_WEAK = YES;
				CLANG_WARN_BLOCK_CAPTURE_AUTORELEASING = YES;
				CLANG_WARN_BOOL_CONVERSION = YES;
				CLANG_WARN_COMMA = YES;
				CLANG_WARN_CONSTANT_CONVERSION = YES;
				CLANG_WARN_DEPRECATED_OBJC_IMPLEMENTATIONS = YES;
				CLANG_WARN_DIRECT_OBJC_ISA_USAGE = YES_ERROR;
				CLANG_WARN_DOCUMENTATION_COMMENTS = YES;
				CLANG_WARN_EMPTY_BODY = YES;
				CLANG_WARN_ENUM_CONVERSION = YES;
				CLANG_WARN_INFINITE_RECURSION = YES;
				CLANG_WARN_INT_CONVERSION = YES;
				CLANG_WARN_NON_LITERAL_NULL_CONVERSION = YES;
				CLANG_WARN_OBJC_IMPLICIT_RETAIN_SELF = YES;
				CLANG_WARN_OBJC_LITERAL_CONVERSION = YES;
				CLANG_WARN_OBJC_ROOT_CLASS = YES_ERROR;
				CLANG_WARN_QUOTED_INCLUDE_IN_FRAMEWORK_HEADER = YES;
				CLANG_WARN_RANGE_LOOP_ANALYSIS = YES;
				CLANG_WARN_STRICT_PROTOTYPES = YES;
				CLANG_WARN_SUSPICIOUS_MOVE = YES;
				CLANG_WARN_UNGUARDED_AVAILABILITY = YES_AGGRESSIVE;
				CLANG_WARN_UNREACHABLE_CODE = YES;
				CLANG_WARN__DUPLICATE_METHOD_MATCH = YES;
				COPY_PHASE_STRIP = NO;
				DEBUG_INFORMATION_FORMAT = "dwarf-with-dsym";
				ENABLE_NS_ASSERTIONS = NO;
				ENABLE_STRICT_OBJC_MSGSEND = YES;
				GCC_C_LANGUAGE_STANDARD = gnu11;
				GCC_NO_COMMON_BLOCKS = YES;
				GCC_WARN_64_TO_32_BIT_CONVERSION = YES;
				GCC_WARN_ABOUT_RETURN_TYPE = YES_ERROR;
				GCC_WARN_UNDECLARED_SELECTOR = YES;
				GCC_WARN_UNINITIALIZED_AUTOS = YES_AGGRESSIVE;
				GCC_WARN_UNUSED_FUNCTION = YES;
				GCC_WARN_UNUSED_VARIABLE = YES;
				IPHONEOS_DEPLOYMENT_TARGET = 14.3;
				MTL_ENABLE_DEBUG_INFO = NO;
				MTL_FAST_MATH = YES;
				SDKROOT = iphoneos;
				SWIFT_COMPILATION_MODE = wholemodule;
				SWIFT_OPTIMIZATION_LEVEL = "-O";
				VALIDATE_PRODUCT = YES;
			};
			name = Release;
		};
		428CEED125AADC1F0045CAAE /* Debug */ = {
			isa = XCBuildConfiguration;
			buildSettings = {
				ASSETCATALOG_COMPILER_APPICON_NAME = AppIcon;
				ASSETCATALOG_COMPILER_GLOBAL_ACCENT_COLOR_NAME = AccentColor;
				CODE_SIGN_STYLE = Automatic;
				DEVELOPMENT_TEAM = YT6QHNRQP3;
				INFOPLIST_FILE = AVCamera/Info.plist;
				LD_RUNPATH_SEARCH_PATHS = (
					"$(inherited)",
					"@executable_path/Frameworks",
				);
				PRODUCT_BUNDLE_IDENTIFIER = com.machenshuang.www.AVCamera;
				PRODUCT_NAME = "$(TARGET_NAME)";
				SWIFT_VERSION = 5.0;
				TARGETED_DEVICE_FAMILY = "1,2";
			};
			name = Debug;
		};
		428CEED225AADC1F0045CAAE /* Release */ = {
			isa = XCBuildConfiguration;
			buildSettings = {
				ASSETCATALOG_COMPILER_APPICON_NAME = AppIcon;
				ASSETCATALOG_COMPILER_GLOBAL_ACCENT_COLOR_NAME = AccentColor;
				CODE_SIGN_STYLE = Automatic;
				DEVELOPMENT_TEAM = YT6QHNRQP3;
				INFOPLIST_FILE = AVCamera/Info.plist;
				LD_RUNPATH_SEARCH_PATHS = (
					"$(inherited)",
					"@executable_path/Frameworks",
				);
				PRODUCT_BUNDLE_IDENTIFIER = com.machenshuang.www.AVCamera;
				PRODUCT_NAME = "$(TARGET_NAME)";
				SWIFT_VERSION = 5.0;
				TARGETED_DEVICE_FAMILY = "1,2";
			};
			name = Release;
		};
/* End XCBuildConfiguration section */

/* Begin XCConfigurationList section */
		428CEEB725AADC1E0045CAAE /* Build configuration list for PBXProject "AVCamera" */ = {
			isa = XCConfigurationList;
			buildConfigurations = (
				428CEECE25AADC1F0045CAAE /* Debug */,
				428CEECF25AADC1F0045CAAE /* Release */,
			);
			defaultConfigurationIsVisible = 0;
			defaultConfigurationName = Release;
		};
		428CEED025AADC1F0045CAAE /* Build configuration list for PBXNativeTarget "AVCamera" */ = {
			isa = XCConfigurationList;
			buildConfigurations = (
				428CEED125AADC1F0045CAAE /* Debug */,
				428CEED225AADC1F0045CAAE /* Release */,
			);
			defaultConfigurationIsVisible = 0;
			defaultConfigurationName = Release;
		};
/* End XCConfigurationList section */
	};
	rootObject = 428CEEB425AADC1E0045CAAE /* Project object */;
}
